
Microsoft Visual Studio Solution File, Format Version 12.00
# Visual Studio 15
VisualStudioVersion = 15.0.27004.2006
MinimumVisualStudioVersion = 10.0.40219.1
Project("{FAE04EC0-301F-11D3-BF4B-00C04F79EFBC}") = "WhatWillBecomeAWindowsApp", "WhatWillBecomeAWindowsApp\WhatWillBecomeAWindowsApp.csproj", "{4D76A86A-5DA3-4832-81D6-638DC744B554}"
EndProject
Project("{FAE04EC0-301F-11D3-BF4B-00C04F79EFBC}") = "RoundRobin", "RoundRobin\RoundRobin.csproj", "{C02581EC-A82B-4650-B25D-2EA1F13C712F}"
EndProject
Global
	GlobalSection(SolutionConfigurationPlatforms) = preSolution
		Debug|Any CPU = Debug|Any CPU
		Release|Any CPU = Release|Any CPU
	EndGlobalSection
	GlobalSection(ProjectConfigurationPlatforms) = postSolution
		{4D76A86A-5DA3-4832-81D6-638DC744B554}.Debug|Any CPU.ActiveCfg = Debug|Any CPU
		{4D76A86A-5DA3-4832-81D6-638DC744B554}.Debug|Any CPU.Build.0 = Debug|Any CPU
		{4D76A86A-5DA3-4832-81D6-638DC744B554}.Release|Any CPU.ActiveCfg = Release|Any CPU
		{4D76A86A-5DA3-4832-81D6-638DC744B554}.Release|Any CPU.Build.0 = Release|Any CPU
		{C02581EC-A82B-4650-B25D-2EA1F13C712F}.Debug|Any CPU.ActiveCfg = Debug|Any CPU
		{C02581EC-A82B-4650-B25D-2EA1F13C712F}.Debug|Any CPU.Build.0 = Debug|Any CPU
		{C02581EC-A82B-4650-B25D-2EA1F13C712F}.Release|Any CPU.ActiveCfg = Release|Any CPU
		{C02581EC-A82B-4650-B25D-2EA1F13C712F}.Release|Any CPU.Build.0 = Release|Any CPU
	EndGlobalSection
	GlobalSection(SolutionProperties) = preSolution
		HideSolutionNode = FALSE
	EndGlobalSection
	GlobalSection(ExtensibilityGlobals) = postSolution
		SolutionGuid = {D72555B6-1FA0-4387-824E-9DBB05CBD593}
	EndGlobalSection
EndGlobal
